
Microsoft Visual Studio Solution File, Format Version 12.00
# Visual Studio Version 17
VisualStudioVersion = 17.5.33414.496
MinimumVisualStudioVersion = 10.0.40219.1
Project("{9A19103F-16F7-4668-BE54-9A1E7A4F7556}") = "DragonsWay.Logic", "DragonsWay.Logic.csproj", "{206B7219-D0CC-4297-9E3C-0143E90BF672}"
EndProject
Project("{FAE04EC0-301F-11D3-BF4B-00C04F79EFBC}") = "DragonsWay.Console.UI", "..\DragonsWay.Console.UI\DragonsWay.Console.UI.csproj", "{8496B8EE-323B-451D-8421-868A98E81875}"
EndProject
Global
	GlobalSection(SolutionConfigurationPlatforms) = preSolution
		Debug|Any CPU = Debug|Any CPU
		Release|Any CPU = Release|Any CPU
	EndGlobalSection
	GlobalSection(ProjectConfigurationPlatforms) = postSolution
		{206B7219-D0CC-4297-9E3C-0143E90BF672}.Debug|Any CPU.ActiveCfg = Debug|Any CPU
		{206B7219-D0CC-4297-9E3C-0143E90BF672}.Debug|Any CPU.Build.0 = Debug|Any CPU
		{206B7219-D0CC-4297-9E3C-0143E90BF672}.Release|Any CPU.ActiveCfg = Release|Any CPU
		{206B7219-D0CC-4297-9E3C-0143E90BF672}.Release|Any CPU.Build.0 = Release|Any CPU
		{8496B8EE-323B-451D-8421-868A98E81875}.Debug|Any CPU.ActiveCfg = Debug|Any CPU
		{8496B8EE-323B-451D-8421-868A98E81875}.Debug|Any CPU.Build.0 = Debug|Any CPU
		{8496B8EE-323B-451D-8421-868A98E81875}.Release|Any CPU.ActiveCfg = Release|Any CPU
		{8496B8EE-323B-451D-8421-868A98E81875}.Release|Any CPU.Build.0 = Release|Any CPU
	EndGlobalSection
	GlobalSection(SolutionProperties) = preSolution
		HideSolutionNode = FALSE
	EndGlobalSection
	GlobalSection(ExtensibilityGlobals) = postSolution
		SolutionGuid = {1CFCB815-66EF-47C2-8B30-16D522B3FC21}
	EndGlobalSection
EndGlobal
